{
  "name": "fastdebug",
  "version": "1.0.0",
  "lockfileVersion": 1,
  "requires": true,
  "dependencies": {
    "node-watch": {
      "version": "0.6.2",
      "resolved": "https://registry.npmjs.org/node-watch/-/node-watch-0.6.2.tgz",
      "integrity": "sha512-qmb/2ehVk1DC4gZYox7JgWXNucKnVk7uQmcoSeRaC7kzXsT8VOPIe7mbrR9Vc2TpGggS2yGUcgC98A2fKE53AA==",
      "dev": true
    }
  }
}
